
Microsoft Visual Studio Solution File, Format Version 12.00
# Visual Studio 15
VisualStudioVersion = 15.0.27428.2027
MinimumVisualStudioVersion = 10.0.40219.1
Project("{FAE04EC0-301F-11D3-BF4B-00C04F79EFBC}") = "ThreadTask", "ThreadTask\ThreadTask.csproj", "{30079A5D-6E63-44E5-BC33-A0D9BD2C52B2}"
EndProject
Global
	GlobalSection(SolutionConfigurationPlatforms) = preSolution
		Debug|Any CPU = Debug|Any CPU
		Release|Any CPU = Release|Any CPU
	EndGlobalSection
	GlobalSection(ProjectConfigurationPlatforms) = postSolution
		{30079A5D-6E63-44E5-BC33-A0D9BD2C52B2}.Debug|Any CPU.ActiveCfg = Debug|Any CPU
		{30079A5D-6E63-44E5-BC33-A0D9BD2C52B2}.Debug|Any CPU.Build.0 = Debug|Any CPU
		{30079A5D-6E63-44E5-BC33-A0D9BD2C52B2}.Release|Any CPU.ActiveCfg = Release|Any CPU
		{30079A5D-6E63-44E5-BC33-A0D9BD2C52B2}.Release|Any CPU.Build.0 = Release|Any CPU
	EndGlobalSection
	GlobalSection(SolutionProperties) = preSolution
		HideSolutionNode = FALSE
	EndGlobalSection
	GlobalSection(ExtensibilityGlobals) = postSolution
		SolutionGuid = {699DE0D0-BF58-488E-94EE-59787B86A154}
	EndGlobalSection
EndGlobal
